
Microsoft Visual Studio Solution File, Format Version 12.00
# Visual Studio Version 17
VisualStudioVersion = 17.12.35521.163 d17.12
MinimumVisualStudioVersion = 10.0.40219.1
Project("{FAE04EC0-301F-11D3-BF4B-00C04F79EFBC}") = "MicroserviceCompositeLibrary", "MicroserviceCompositeLibrary\MicroserviceCompositeLibrary.csproj", "{56D953C5-8E4D-4DFC-878E-AF9A54D9F4D3}"
EndProject
Project("{FAE04EC0-301F-11D3-BF4B-00C04F79EFBC}") = "MicroserviceBook", "..\MicroserviceBook\MicroserviceBook\MicroserviceBook.csproj", "{61923E1D-B97D-41DE-90E4-038EE6FAC773}"
EndProject
Project("{FAE04EC0-301F-11D3-BF4B-00C04F79EFBC}") = "MicroserviceReader", "..\MicroserviceReader\MicroserviceReader\MicroserviceReader.csproj", "{6E83920E-FDB2-49B5-A0B4-E6EA98353EC6}"
EndProject
Global
	GlobalSection(SolutionConfigurationPlatforms) = preSolution
		Debug|Any CPU = Debug|Any CPU
		Release|Any CPU = Release|Any CPU
	EndGlobalSection
	GlobalSection(ProjectConfigurationPlatforms) = postSolution
		{56D953C5-8E4D-4DFC-878E-AF9A54D9F4D3}.Debug|Any CPU.ActiveCfg = Debug|Any CPU
		{56D953C5-8E4D-4DFC-878E-AF9A54D9F4D3}.Debug|Any CPU.Build.0 = Debug|Any CPU
		{56D953C5-8E4D-4DFC-878E-AF9A54D9F4D3}.Release|Any CPU.ActiveCfg = Release|Any CPU
		{56D953C5-8E4D-4DFC-878E-AF9A54D9F4D3}.Release|Any CPU.Build.0 = Release|Any CPU
		{61923E1D-B97D-41DE-90E4-038EE6FAC773}.Debug|Any CPU.ActiveCfg = Debug|Any CPU
		{61923E1D-B97D-41DE-90E4-038EE6FAC773}.Debug|Any CPU.Build.0 = Debug|Any CPU
		{61923E1D-B97D-41DE-90E4-038EE6FAC773}.Release|Any CPU.ActiveCfg = Release|Any CPU
		{61923E1D-B97D-41DE-90E4-038EE6FAC773}.Release|Any CPU.Build.0 = Release|Any CPU
		{6E83920E-FDB2-49B5-A0B4-E6EA98353EC6}.Debug|Any CPU.ActiveCfg = Debug|Any CPU
		{6E83920E-FDB2-49B5-A0B4-E6EA98353EC6}.Debug|Any CPU.Build.0 = Debug|Any CPU
		{6E83920E-FDB2-49B5-A0B4-E6EA98353EC6}.Release|Any CPU.ActiveCfg = Release|Any CPU
		{6E83920E-FDB2-49B5-A0B4-E6EA98353EC6}.Release|Any CPU.Build.0 = Release|Any CPU
	EndGlobalSection
	GlobalSection(SolutionProperties) = preSolution
		HideSolutionNode = FALSE
	EndGlobalSection
EndGlobal
